// !$*UTF8*$!
{
	archiveVersion = 1;
	classes = {
	};
	objectVersion = 50;
	objects = {

/* Begin PBXBuildFile section */
		A51E54CD20A1A6E200743BAA /* AppDelegate.m in Sources */ = {isa = PBXBuildFile; fileRef = A51E54CC20A1A6E200743BAA /* AppDelegate.m */; };
		A51E54D020A1A6E200743BAA /* ViewController.m in Sources */ = {isa = PBXBuildFile; fileRef = A51E54CF20A1A6E200743BAA /* ViewController.m */; };
		A51E54D320A1A6E200743BAA /* Main.storyboard in Resources */ = {isa = PBXBuildFile; fileRef = A51E54D120A1A6E200743BAA /* Main.storyboard */; };
		A51E54D520A1A6E300743BAA /* Assets.xcassets in Resources */ = {isa = PBXBuildFile; fileRef = A51E54D420A1A6E300743BAA /* Assets.xcassets */; };
		A51E54D820A1A6E300743BAA /* LaunchScreen.storyboard in Resources */ = {isa = PBXBuildFile; fileRef = A51E54D620A1A6E300743BAA /* LaunchScreen.storyboard */; };
		A51E54DB20A1A6E300743BAA /* main.m in Sources */ = {isa = PBXBuildFile; fileRef = A51E54DA20A1A6E300743BAA /* main.m */; };
		A51E54F220A1A70B00743BAA /* QRCodeGenerator.m in Sources */ = {isa = PBXBuildFile; fileRef = A51E54E420A1A70A00743BAA /* QRCodeGenerator.m */; };
		A51E54F320A1A70B00743BAA /* qrinput.c in Sources */ = {isa = PBXBuildFile; fileRef = A51E54E520A1A70A00743BAA /* qrinput.c */; };
		A51E54F420A1A70B00743BAA /* mask.c in Sources */ = {isa = PBXBuildFile; fileRef = A51E54E720A1A70B00743BAA /* mask.c */; };
		A51E54F520A1A70B00743BAA /* split.c in Sources */ = {isa = PBXBuildFile; fileRef = A51E54E920A1A70B00743BAA /* split.c */; };
		A51E54F620A1A70B00743BAA /* bitstream.c in Sources */ = {isa = PBXBuildFile; fileRef = A51E54EC20A1A70B00743BAA /* bitstream.c */; };
		A51E54F720A1A70B00743BAA /* rscode.c in Sources */ = {isa = PBXBuildFile; fileRef = A51E54ED20A1A70B00743BAA /* rscode.c */; };
		A51E54F820A1A70B00743BAA /* qrencode.c in Sources */ = {isa = PBXBuildFile; fileRef = A51E54F020A1A70B00743BAA /* qrencode.c */; };
		A51E54F920A1A70B00743BAA /* qrspec.c in Sources */ = {isa = PBXBuildFile; fileRef = A51E54F120A1A70B00743BAA /* qrspec.c */; };
		A51E54FF20A1A80200743BAA /* Scan_VC.m in Sources */ = {isa = PBXBuildFile; fileRef = A51E54FD20A1A80200743BAA /* Scan_VC.m */; };
		A51E550020A1A80200743BAA /* UIView+SDExtension.m in Sources */ = {isa = PBXBuildFile; fileRef = A51E54FE20A1A80200743BAA /* UIView+SDExtension.m */; };
		A51E550220A1A88C00743BAA /* ViewController.xib in Resources */ = {isa = PBXBuildFile; fileRef = A51E550120A1A88C00743BAA /* ViewController.xib */; };
		A51E550520A1AA7200743BAA /* ViewController2.m in Sources */ = {isa = PBXBuildFile; fileRef = A51E550320A1AA7200743BAA /* ViewController2.m */; };
/* End PBXBuildFile section */

/* Begin PBXFileReference section */
		A51E54C820A1A6E200743BAA /* Scan.app */ = {isa = PBXFileReference; explicitFileType = wrapper.application; includeInIndex = 0; path = Scan.app; sourceTree = BUILT_PRODUCTS_DIR; };
		A51E54CB20A1A6E200743BAA /* AppDelegate.h */ = {isa = PBXFileReference; lastKnownFileType = sourcecode.c.h; path = AppDelegate.h; sourceTree = "<group>"; };
		A51E54CC20A1A6E200743BAA /* AppDelegate.m */ = {isa = PBXFileReference; lastKnownFileType = sourcecode.c.objc; path = AppDelegate.m; sourceTree = "<group>"; };
		A51E54CE20A1A6E200743BAA /* ViewController.h */ = {isa = PBXFileReference; lastKnownFileType = sourcecode.c.h; path = ViewController.h; sourceTree = "<group>"; };
		A51E54CF20A1A6E200743BAA /* ViewController.m */ = {isa = PBXFileReference; lastKnownFileType = sourcecode.c.objc; path = ViewController.m; sourceTree = "<group>"; };
		A51E54D220A1A6E200743BAA /* Base */ = {isa = PBXFileReference; lastKnownFileType = file.storyboard; name = Base; path = Base.lproj/Main.storyboard; sourceTree = "<group>"; };
		A51E54D420A1A6E300743BAA /* Assets.xcassets */ = {isa = PBXFileReference; lastKnownFileType = folder.assetcatalog; path = Assets.xcassets; sourceTree = "<group>"; };
		A51E54D720A1A6E300743BAA /* Base */ = {isa = PBXFileReference; lastKnownFileType = file.storyboard; name = Base; path = Base.lproj/LaunchScreen.storyboard; sourceTree = "<group>"; };
		A51E54D920A1A6E300743BAA /* Info.plist */ = {isa = PBXFileReference; lastKnownFileType = text.plist.xml; path = Info.plist; sourceTree = "<group>"; };
		A51E54DA20A1A6E300743BAA /* main.m */ = {isa = PBXFileReference; lastKnownFileType = sourcecode.c.objc; path = main.m; sourceTree = "<group>"; };
		A51E54E220A1A70A00743BAA /* qrspec.h */ = {isa = PBXFileReference; fileEncoding = 4; lastKnownFileType = sourcecode.c.h; path = qrspec.h; sourceTree = "<group>"; };
		A51E54E320A1A70A00743BAA /* qrinput.h */ = {isa = PBXFileReference; fileEncoding = 4; lastKnownFileType = sourcecode.c.h; path = qrinput.h; sourceTree = "<group>"; };
		A51E54E420A1A70A00743BAA /* QRCodeGenerator.m */ = {isa = PBXFileReference; fileEncoding = 4; lastKnownFileType = sourcecode.c.objc; path = QRCodeGenerator.m; sourceTree = "<group>"; };
		A51E54E520A1A70A00743BAA /* qrinput.c */ = {isa = PBXFileReference; fileEncoding = 4; lastKnownFileType = sourcecode.c.c; path = qrinput.c; sourceTree = "<group>"; };
		A51E54E620A1A70B00743BAA /* rscode.h */ = {isa = PBXFileReference; fileEncoding = 4; lastKnownFileType = sourcecode.c.h; path = rscode.h; sourceTree = "<group>"; };
		A51E54E720A1A70B00743BAA /* mask.c */ = {isa = PBXFileReference; fileEncoding = 4; lastKnownFileType = sourcecode.c.c; path = mask.c; sourceTree = "<group>"; };
		A51E54E820A1A70B00743BAA /* mask.h */ = {isa = PBXFileReference; fileEncoding = 4; lastKnownFileType = sourcecode.c.h; path = mask.h; sourceTree = "<group>"; };
		A51E54E920A1A70B00743BAA /* split.c */ = {isa = PBXFileReference; fileEncoding = 4; lastKnownFileType = sourcecode.c.c; path = split.c; sourceTree = "<group>"; };
		A51E54EA20A1A70B00743BAA /* bitstream.h */ = {isa = PBXFileReference; fileEncoding = 4; lastKnownFileType = sourcecode.c.h; path = bitstream.h; sourceTree = "<group>"; };
		A51E54EB20A1A70B00743BAA /* qrencode.h */ = {isa = PBXFileReference; fileEncoding = 4; lastKnownFileType = sourcecode.c.h; path = qrencode.h; sourceTree = "<group>"; };
		A51E54EC20A1A70B00743BAA /* bitstream.c */ = {isa = PBXFileReference; fileEncoding = 4; lastKnownFileType = sourcecode.c.c; path = bitstream.c; sourceTree = "<group>"; };
		A51E54ED20A1A70B00743BAA /* rscode.c */ = {isa = PBXFileReference; fileEncoding = 4; lastKnownFileType = sourcecode.c.c; path = rscode.c; sourceTree = "<group>"; };
		A51E54EE20A1A70B00743BAA /* QRCodeGenerator.h */ = {isa = PBXFileReference; fileEncoding = 4; lastKnownFileType = sourcecode.c.h; path = QRCodeGenerator.h; sourceTree = "<group>"; };
		A51E54EF20A1A70B00743BAA /* split.h */ = {isa = PBXFileReference; fileEncoding = 4; lastKnownFileType = sourcecode.c.h; path = split.h; sourceTree = "<group>"; };
		A51E54F020A1A70B00743BAA /* qrencode.c */ = {isa = PBXFileReference; fileEncoding = 4; lastKnownFileType = sourcecode.c.c; path = qrencode.c; sourceTree = "<group>"; };
		A51E54F120A1A70B00743BAA /* qrspec.c */ = {isa = PBXFileReference; fileEncoding = 4; lastKnownFileType = sourcecode.c.c; path = qrspec.c; sourceTree = "<group>"; };
		A51E54FB20A1A80200743BAA /* UIView+SDExtension.h */ = {isa = PBXFileReference; fileEncoding = 4; lastKnownFileType = sourcecode.c.h; path = "UIView+SDExtension.h"; sourceTree = "<group>"; };
		A51E54FC20A1A80200743BAA /* Scan_VC.h */ = {isa = PBXFileReference; fileEncoding = 4; lastKnownFileType = sourcecode.c.h; path = Scan_VC.h; sourceTree = "<group>"; };
		A51E54FD20A1A80200743BAA /* Scan_VC.m */ = {isa = PBXFileReference; fileEncoding = 4; lastKnownFileType = sourcecode.c.objc; path = Scan_VC.m; sourceTree = "<group>"; };
		A51E54FE20A1A80200743BAA /* UIView+SDExtension.m */ = {isa = PBXFileReference; fileEncoding = 4; lastKnownFileType = sourcecode.c.objc; path = "UIView+SDExtension.m"; sourceTree = "<group>"; };
		A51E550120A1A88C00743BAA /* ViewController.xib */ = {isa = PBXFileReference; lastKnownFileType = file.xib; path = ViewController.xib; sourceTree = "<group>"; };
		A51E550320A1AA7200743BAA /* ViewController2.m */ = {isa = PBXFileReference; fileEncoding = 4; lastKnownFileType = sourcecode.c.objc; path = ViewController2.m; sourceTree = "<group>"; };
		A51E550420A1AA7200743BAA /* ViewController2.h */ = {isa = PBXFileReference; fileEncoding = 4; lastKnownFileType = sourcecode.c.h; path = ViewController2.h; sourceTree = "<group>"; };
/* End PBXFileReference section */

/* Begin PBXFrameworksBuildPhase section */
		A51E54C520A1A6E200743BAA /* Frameworks */ = {
			isa = PBXFrameworksBuildPhase;
			buildActionMask = 2147483647;
			files = (
			);
			runOnlyForDeploymentPostprocessing = 0;
		};
/* End PBXFrameworksBuildPhase section */

/* Begin PBXGroup section */
		A51E54BF20A1A6E200743BAA = {
			isa = PBXGroup;
			children = (
				A51E54C920A1A6E200743BAA /* Products */,
				A51E54CA20A1A6E200743BAA /* Scan */,
			);
			sourceTree = "<group>";
		};
		A51E54C920A1A6E200743BAA /* Products */ = {
			isa = PBXGroup;
			children = (
				A51E54C820A1A6E200743BAA /* Scan.app */,
			);
			name = Products;
			sourceTree = "<group>";
		};
		A51E54CA20A1A6E200743BAA /* Scan */ = {
			isa = PBXGroup;
			children = (
				A51E550420A1AA7200743BAA /* ViewController2.h */,
				A51E550320A1AA7200743BAA /* ViewController2.m */,
				A51E54FA20A1A7D800743BAA /* ExtendedClass */,
				A51E54E120A1A70000743BAA /* libqrencode */,
				A51E54CB20A1A6E200743BAA /* AppDelegate.h */,
				A51E54CC20A1A6E200743BAA /* AppDelegate.m */,
				A51E54CE20A1A6E200743BAA /* ViewController.h */,
				A51E54CF20A1A6E200743BAA /* ViewController.m */,
				A51E54D120A1A6E200743BAA /* Main.storyboard */,
				A51E54D420A1A6E300743BAA /* Assets.xcassets */,
				A51E54D620A1A6E300743BAA /* LaunchScreen.storyboard */,
				A51E54D920A1A6E300743BAA /* Info.plist */,
				A51E54DA20A1A6E300743BAA /* main.m */,
				A51E550120A1A88C00743BAA /* ViewController.xib */,
			);
			path = Scan;
			sourceTree = "<group>";
		};
		A51E54E120A1A70000743BAA /* libqrencode */ = {
			isa = PBXGroup;
			children = (
				A51E54EC20A1A70B00743BAA /* bitstream.c */,
				A51E54EA20A1A70B00743BAA /* bitstream.h */,
				A51E54E720A1A70B00743BAA /* mask.c */,
				A51E54E820A1A70B00743BAA /* mask.h */,
				A51E54EE20A1A70B00743BAA /* QRCodeGenerator.h */,
				A51E54E420A1A70A00743BAA /* QRCodeGenerator.m */,
				A51E54F020A1A70B00743BAA /* qrencode.c */,
				A51E54EB20A1A70B00743BAA /* qrencode.h */,
				A51E54E520A1A70A00743BAA /* qrinput.c */,
				A51E54E320A1A70A00743BAA /* qrinput.h */,
				A51E54F120A1A70B00743BAA /* qrspec.c */,
				A51E54E220A1A70A00743BAA /* qrspec.h */,
				A51E54ED20A1A70B00743BAA /* rscode.c */,
				A51E54E620A1A70B00743BAA /* rscode.h */,
				A51E54E920A1A70B00743BAA /* split.c */,
				A51E54EF20A1A70B00743BAA /* split.h */,
			);
			path = libqrencode;
			sourceTree = "<group>";
		};
		A51E54FA20A1A7D800743BAA /* ExtendedClass */ = {
			isa = PBXGroup;
			children = (
				A51E54FC20A1A80200743BAA /* Scan_VC.h */,
				A51E54FD20A1A80200743BAA /* Scan_VC.m */,
				A51E54FB20A1A80200743BAA /* UIView+SDExtension.h */,
				A51E54FE20A1A80200743BAA /* UIView+SDExtension.m */,
			);
			path = ExtendedClass;
			sourceTree = "<group>";
		};
/* End PBXGroup section */

/* Begin PBXNativeTarget section */
		A51E54C720A1A6E200743BAA /* Scan */ = {
			isa = PBXNativeTarget;
			buildConfigurationList = A51E54DE20A1A6E300743BAA /* Build configuration list for PBXNativeTarget "Scan" */;
			buildPhases = (
				A51E54C420A1A6E200743BAA /* Sources */,
				A51E54C520A1A6E200743BAA /* Frameworks */,
				A51E54C620A1A6E200743BAA /* Resources */,
			);
			buildRules = (
			);
			dependencies = (
			);
			name = Scan;
			productName = Scan;
			productReference = A51E54C820A1A6E200743BAA /* Scan.app */;
			productType = "com.apple.product-type.application";
		};
/* End PBXNativeTarget section */

/* Begin PBXProject section */
		A51E54C020A1A6E200743BAA /* Project object */ = {
			isa = PBXProject;
			attributes = {
				LastUpgradeCheck = 0930;
				ORGANIZATIONNAME = "深圳阿翼互联网有限公司";
				TargetAttributes = {
					A51E54C720A1A6E200743BAA = {
						CreatedOnToolsVersion = 9.3;
					};
				};
			};
			buildConfigurationList = A51E54C320A1A6E200743BAA /* Build configuration list for PBXProject "Scan" */;
			compatibilityVersion = "Xcode 9.3";
			developmentRegion = en;
			hasScannedForEncodings = 0;
			knownRegions = (
				en,
				Base,
			);
			mainGroup = A51E54BF20A1A6E200743BAA;
			productRefGroup = A51E54C920A1A6E200743BAA /* Products */;
			projectDirPath = "";
			projectRoot = "";
			targets = (
				A51E54C720A1A6E200743BAA /* Scan */,
			);
		};
/* End PBXProject section */

/* Begin PBXResourcesBuildPhase section */
		A51E54C620A1A6E200743BAA /* Resources */ = {
			isa = PBXResourcesBuildPhase;
			buildActionMask = 2147483647;
			files = (
				A51E54D820A1A6E300743BAA /* LaunchScreen.storyboard in Resources */,
				A51E54D520A1A6E300743BAA /* Assets.xcassets in Resources */,
				A51E550220A1A88C00743BAA /* ViewController.xib in Resources */,
				A51E54D320A1A6E200743BAA /* Main.storyboard in Resources */,
			);
			runOnlyForDeploymentPostprocessing = 0;
		};
/* End PBXResourcesBuildPhase section */

/* Begin PBXSourcesBuildPhase section */
		A51E54C420A1A6E200743BAA /* Sources */ = {
			isa = PBXSourcesBuildPhase;
			buildActionMask = 2147483647;
			files = (
				A51E54D020A1A6E200743BAA /* ViewController.m in Sources */,
				A51E54F220A1A70B00743BAA /* QRCodeGenerator.m in Sources */,
				A51E54F820A1A70B00743BAA /* qrencode.c in Sources */,
				A51E54F320A1A70B00743BAA /* qrinput.c in Sources */,
				A51E54F920A1A70B00743BAA /* qrspec.c in Sources */,
				A51E54F420A1A70B00743BAA /* mask.c in Sources */,
				A51E54F720A1A70B00743BAA /* rscode.c in Sources */,
				A51E550520A1AA7200743BAA /* ViewController2.m in Sources */,
				A51E550020A1A80200743BAA /* UIView+SDExtension.m in Sources */,
				A51E54DB20A1A6E300743BAA /* main.m in Sources */,
				A51E54F520A1A70B00743BAA /* split.c in Sources */,
				A51E54FF20A1A80200743BAA /* Scan_VC.m in Sources */,
				A51E54CD20A1A6E200743BAA /* AppDelegate.m in Sources */,
				A51E54F620A1A70B00743BAA /* bitstream.c in Sources */,
			);
			runOnlyForDeploymentPostprocessing = 0;
		};
/* End PBXSourcesBuildPhase section */

/* Begin PBXVariantGroup section */
		A51E54D120A1A6E200743BAA /* Main.storyboard */ = {
			isa = PBXVariantGroup;
			children = (
				A51E54D220A1A6E200743BAA /* Base */,
			);
			name = Main.storyboard;
			sourceTree = "<group>";
		};
		A51E54D620A1A6E300743BAA /* LaunchScreen.storyboard */ = {
			isa = PBXVariantGroup;
			children = (
				A51E54D720A1A6E300743BAA /* Base */,
			);
			name = LaunchScreen.storyboard;
			sourceTree = "<group>";
		};
/* End PBXVariantGroup section */

/* Begin XCBuildConfiguration section */
		A51E54DC20A1A6E300743BAA /* Debug */ = {
			isa = XCBuildConfiguration;
			buildSettings = {
				ALWAYS_SEARCH_USER_PATHS = NO;
				CLANG_ANALYZER_NONNULL = YES;
				CLANG_ANALYZER_NUMBER_OBJECT_CONVERSION = YES_AGGRESSIVE;
				CLANG_CXX_LANGUAGE_STANDARD = "gnu++14";
				CLANG_CXX_LIBRARY = "libc++";
				CLANG_ENABLE_MODULES = YES;
				CLANG_ENABLE_OBJC_ARC = YES;
				CLANG_ENABLE_OBJC_WEAK = YES;
				CLANG_WARN_BLOCK_CAPTURE_AUTORELEASING = YES;
				CLANG_WARN_BOOL_CONVERSION = YES;
				CLANG_WARN_COMMA = YES;
				CLANG_WARN_CONSTANT_CONVERSION = YES;
				CLANG_WARN_DEPRECATED_OBJC_IMPLEMENTATIONS = YES;
				CLANG_WARN_DIRECT_OBJC_ISA_USAGE = YES_ERROR;
				CLANG_WARN_DOCUMENTATION_COMMENTS = YES;
				CLANG_WARN_EMPTY_BODY = YES;
				CLANG_WARN_ENUM_CONVERSION = YES;
				CLANG_WARN_INFINITE_RECURSION = YES;
				CLANG_WARN_INT_CONVERSION = YES;
				CLANG_WARN_NON_LITERAL_NULL_CONVERSION = YES;
				CLANG_WARN_OBJC_IMPLICIT_RETAIN_SELF = YES;
				CLANG_WARN_OBJC_LITERAL_CONVERSION = YES;
				CLANG_WARN_OBJC_ROOT_CLASS = YES_ERROR;
				CLANG_WARN_RANGE_LOOP_ANALYSIS = YES;
				CLANG_WARN_STRICT_PROTOTYPES = YES;
				CLANG_WARN_SUSPICIOUS_MOVE = YES;
				CLANG_WARN_UNGUARDED_AVAILABILITY = YES_AGGRESSIVE;
				CLANG_WARN_UNREACHABLE_CODE = YES;
				CLANG_WARN__DUPLICATE_METHOD_MATCH = YES;
				CODE_SIGN_IDENTITY = "iPhone Developer";
				COPY_PHASE_STRIP = NO;
				DEBUG_INFORMATION_FORMAT = dwarf;
				ENABLE_STRICT_OBJC_MSGSEND = YES;
				ENABLE_TESTABILITY = YES;
				GCC_C_LANGUAGE_STANDARD = gnu11;
				GCC_DYNAMIC_NO_PIC = NO;
				GCC_NO_COMMON_BLOCKS = YES;
				GCC_OPTIMIZATION_LEVEL = 0;
				GCC_PREPROCESSOR_DEFINITIONS = (
					"DEBUG=1",
					"$(inherited)",
				);
				GCC_WARN_64_TO_32_BIT_CONVERSION = YES;
				GCC_WARN_ABOUT_RETURN_TYPE = YES_ERROR;
				GCC_WARN_UNDECLARED_SELECTOR = YES;
				GCC_WARN_UNINITIALIZED_AUTOS = YES_AGGRESSIVE;
				GCC_WARN_UNUSED_FUNCTION = YES;
				GCC_WARN_UNUSED_VARIABLE = YES;
				IPHONEOS_DEPLOYMENT_TARGET = 11.3;
				MTL_ENABLE_DEBUG_INFO = YES;
				ONLY_ACTIVE_ARCH = YES;
				SDKROOT = iphoneos;
			};
			name = Debug;
		};
		A51E54DD20A1A6E300743BAA /* Release */ = {
			isa = XCBuildConfiguration;
			buildSettings = {
				ALWAYS_SEARCH_USER_PATHS = NO;
				CLANG_ANALYZER_NONNULL = YES;
				CLANG_ANALYZER_NUMBER_OBJECT_CONVERSION = YES_AGGRESSIVE;
				CLANG_CXX_LANGUAGE_STANDARD = "gnu++14";
				CLANG_CXX_LIBRARY = "libc++";
				CLANG_ENABLE_MODULES = YES;
				CLANG_ENABLE_OBJC_ARC = YES;
				CLANG_ENABLE_OBJC_WEAK = YES;
				CLANG_WARN_BLOCK_CAPTURE_AUTORELEASING = YES;
				CLANG_WARN_BOOL_CONVERSION = YES;
				CLANG_WARN_COMMA = YES;
				CLANG_WARN_CONSTANT_CONVERSION = YES;
				CLANG_WARN_DEPRECATED_OBJC_IMPLEMENTATIONS = YES;
				CLANG_WARN_DIRECT_OBJC_ISA_USAGE = YES_ERROR;
				CLANG_WARN_DOCUMENTATION_COMMENTS = YES;
				CLANG_WARN_EMPTY_BODY = YES;
				CLANG_WARN_ENUM_CONVERSION = YES;
				CLANG_WARN_INFINITE_RECURSION = YES;
				CLANG_WARN_INT_CONVERSION = YES;
				CLANG_WARN_NON_LITERAL_NULL_CONVERSION = YES;
				CLANG_WARN_OBJC_IMPLICIT_RETAIN_SELF = YES;
				CLANG_WARN_OBJC_LITERAL_CONVERSION = YES;
				CLANG_WARN_OBJC_ROOT_CLASS = YES_ERROR;
				CLANG_WARN_RANGE_LOOP_ANALYSIS = YES;
				CLANG_WARN_STRICT_PROTOTYPES = YES;
				CLANG_WARN_SUSPICIOUS_MOVE = YES;
				CLANG_WARN_UNGUARDED_AVAILABILITY = YES_AGGRESSIVE;
				CLANG_WARN_UNREACHABLE_CODE = YES;
				CLANG_WARN__DUPLICATE_METHOD_MATCH = YES;
				CODE_SIGN_IDENTITY = "iPhone Developer";
				COPY_PHASE_STRIP = NO;
				DEBUG_INFORMATION_FORMAT = "dwarf-with-dsym";
				ENABLE_NS_ASSERTIONS = NO;
				ENABLE_STRICT_OBJC_MSGSEND = YES;
				GCC_C_LANGUAGE_STANDARD = gnu11;
				GCC_NO_COMMON_BLOCKS = YES;
				GCC_WARN_64_TO_32_BIT_CONVERSION = YES;
				GCC_WARN_ABOUT_RETURN_TYPE = YES_ERROR;
				GCC_WARN_UNDECLARED_SELECTOR = YES;
				GCC_WARN_UNINITIALIZED_AUTOS = YES_AGGRESSIVE;
				GCC_WARN_UNUSED_FUNCTION = YES;
				GCC_WARN_UNUSED_VARIABLE = YES;
				IPHONEOS_DEPLOYMENT_TARGET = 11.3;
				MTL_ENABLE_DEBUG_INFO = NO;
				SDKROOT = iphoneos;
				VALIDATE_PRODUCT = YES;
			};
			name = Release;
		};
		A51E54DF20A1A6E300743BAA /* Debug */ = {
			isa = XCBuildConfiguration;
			buildSettings = {
				ASSETCATALOG_COMPILER_APPICON_NAME = AppIcon;
				CODE_SIGN_STYLE = Automatic;
				DEVELOPMENT_TEAM = 72KJ4E296J;
				INFOPLIST_FILE = Scan/Info.plist;
				LD_RUNPATH_SEARCH_PATHS = (
					"$(inherited)",
					"@executable_path/Frameworks",
				);
				PRODUCT_BUNDLE_IDENTIFIER = com.jbn.Scan;
				PRODUCT_NAME = "$(TARGET_NAME)";
				TARGETED_DEVICE_FAMILY = "1,2";
			};
			name = Debug;
		};
		A51E54E020A1A6E300743BAA /* Release */ = {
			isa = XCBuildConfiguration;
			buildSettings = {
				ASSETCATALOG_COMPILER_APPICON_NAME = AppIcon;
				CODE_SIGN_STYLE = Automatic;
				DEVELOPMENT_TEAM = 72KJ4E296J;
				INFOPLIST_FILE = Scan/Info.plist;
				LD_RUNPATH_SEARCH_PATHS = (
					"$(inherited)",
					"@executable_path/Frameworks",
				);
				PRODUCT_BUNDLE_IDENTIFIER = com.jbn.Scan;
				PRODUCT_NAME = "$(TARGET_NAME)";
				TARGETED_DEVICE_FAMILY = "1,2";
			};
			name = Release;
		};
/* End XCBuildConfiguration section */

/* Begin XCConfigurationList section */
		A51E54C320A1A6E200743BAA /* Build configuration list for PBXProject "Scan" */ = {
			isa = XCConfigurationList;
			buildConfigurations = (
				A51E54DC20A1A6E300743BAA /* Debug */,
				A51E54DD20A1A6E300743BAA /* Release */,
			);
			defaultConfigurationIsVisible = 0;
			defaultConfigurationName = Release;
		};
		A51E54DE20A1A6E300743BAA /* Build configuration list for PBXNativeTarget "Scan" */ = {
			isa = XCConfigurationList;
			buildConfigurations = (
				A51E54DF20A1A6E300743BAA /* Debug */,
				A51E54E020A1A6E300743BAA /* Release */,
			);
			defaultConfigurationIsVisible = 0;
			defaultConfigurationName = Release;
		};
/* End XCConfigurationList section */
	};
	rootObject = A51E54C020A1A6E200743BAA /* Project object */;
}
